
Microsoft Visual Studio Solution File, Format Version 12.00
# Visual Studio Version 17
VisualStudioVersion = 17.3.32901.215
MinimumVisualStudioVersion = 10.0.40219.1
Project("{FAE04EC0-301F-11D3-BF4B-00C04F79EFBC}") = "Whiteboard3", "Whiteboard3\Whiteboard3.csproj", "{4C2975ED-4A10-4532-8B72-DF42D1EDE1F5}"
EndProject
Global
	GlobalSection(SolutionConfigurationPlatforms) = preSolution
		Debug|Any CPU = Debug|Any CPU
		Release|Any CPU = Release|Any CPU
	EndGlobalSection
	GlobalSection(ProjectConfigurationPlatforms) = postSolution
		{4C2975ED-4A10-4532-8B72-DF42D1EDE1F5}.Debug|Any CPU.ActiveCfg = Debug|Any CPU
		{4C2975ED-4A10-4532-8B72-DF42D1EDE1F5}.Debug|Any CPU.Build.0 = Debug|Any CPU
		{4C2975ED-4A10-4532-8B72-DF42D1EDE1F5}.Release|Any CPU.ActiveCfg = Release|Any CPU
		{4C2975ED-4A10-4532-8B72-DF42D1EDE1F5}.Release|Any CPU.Build.0 = Release|Any CPU
	EndGlobalSection
	GlobalSection(SolutionProperties) = preSolution
		HideSolutionNode = FALSE
	EndGlobalSection
	GlobalSection(ExtensibilityGlobals) = postSolution
		SolutionGuid = {3C433A17-AB73-47E4-933B-B756C8E6CD97}
	EndGlobalSection
EndGlobal
