
Microsoft Visual Studio Solution File, Format Version 12.00
# Visual Studio Version 17
VisualStudioVersion = 17.3.32901.215
MinimumVisualStudioVersion = 10.0.40219.1
Project("{FAE04EC0-301F-11D3-BF4B-00C04F79EFBC}") = "Threading", "Threading\Threading.csproj", "{D860713B-E010-4D06-B6C7-8E9906C83552}"
EndProject
Global
	GlobalSection(SolutionConfigurationPlatforms) = preSolution
		Debug|Any CPU = Debug|Any CPU
		Release|Any CPU = Release|Any CPU
	EndGlobalSection
	GlobalSection(ProjectConfigurationPlatforms) = postSolution
		{D860713B-E010-4D06-B6C7-8E9906C83552}.Debug|Any CPU.ActiveCfg = Debug|Any CPU
		{D860713B-E010-4D06-B6C7-8E9906C83552}.Debug|Any CPU.Build.0 = Debug|Any CPU
		{D860713B-E010-4D06-B6C7-8E9906C83552}.Release|Any CPU.ActiveCfg = Release|Any CPU
		{D860713B-E010-4D06-B6C7-8E9906C83552}.Release|Any CPU.Build.0 = Release|Any CPU
	EndGlobalSection
	GlobalSection(SolutionProperties) = preSolution
		HideSolutionNode = FALSE
	EndGlobalSection
	GlobalSection(ExtensibilityGlobals) = postSolution
		SolutionGuid = {00A761F4-9E4E-4CD8-BD55-F42F548F793E}
	EndGlobalSection
EndGlobal
